<?xml version="1.0" encoding="utf-8"?>
<Project ToolsVersion="4.0" xmlns="http://schemas.microsoft.com/developer/msbuild/2003">
  <ItemGroup>
    <Filter Include="Source Files">
      <UniqueIdentifier>{4FC737F1-C7A5-4376-A066-2A32D752A2FF}</UniqueIdentifier>
      <Extensions>cpp;cxx;c;def</Extensions>
    </Filter>
    <Filter Include="Header Files">
      <UniqueIdentifier>{93995380-89BD-4b04-88EB-625FBE52EBFB}</UniqueIdentifier>
      <Extensions>h</Extensions>
    </Filter>
    <Filter Include="Form Files">
      <UniqueIdentifier>{99349809-55BA-4b9d-BF79-8FDBB0286EB3}</UniqueIdentifier>
      <Extensions>ui</Extensions>
    </Filter>
    <Filter Include="Resource Files">
      <UniqueIdentifier>{D9D6E242-F8AF-46E4-B9FD-80ECBC20BA3E}</UniqueIdentifier>
      <Extensions>qrc;*</Extensions>
      <ParseFiles>false</ParseFiles>
    </Filter>
    <Filter Include="Generated Files">
      <UniqueIdentifier>{71ED8ED8-ACB9-4CE9-BBE1-E00B30144E11}</UniqueIdentifier>
      <Extensions>moc;h;cpp</Extensions>
      <SourceControlFiles>False</SourceControlFiles>
    </Filter>
    <Filter Include="Generated Files\Debug">
      <UniqueIdentifier>{7a6f6d62-354c-430f-b1f1-a5e885aa44f0}</UniqueIdentifier>
      <Extensions>cpp;moc</Extensions>
      <SourceControlFiles>False</SourceControlFiles>
    </Filter>
    <Filter Include="Generated Files\Release">
      <UniqueIdentifier>{8c32d2b5-31d4-44e7-a285-3d2510cef966}</UniqueIdentifier>
      <Extensions>cpp;moc</Extensions>
      <SourceControlFiles>False</SourceControlFiles>
    </Filter>
  </ItemGroup>
  <ItemGroup>
    <ClCompile Include="main.cpp">
      <Filter>Source Files</Filter>
    </ClCompile>
    <ClCompile Include="ltpclient.cpp">
      <Filter>Source Files</Filter>
    </ClCompile>
    <ClCompile Include="GeneratedFiles\Debug\moc_ltpclient.cpp">
      <Filter>Generated Files\Debug</Filter>
    </ClCompile>
    <ClCompile Include="GeneratedFiles\Release\moc_ltpclient.cpp">
      <Filter>Generated Files\Release</Filter>
    </ClCompile>
    <ClCompile Include="GeneratedFiles\qrc_ltpclient.cpp">
      <Filter>Generated Files</Filter>
    </ClCompile>
    <ClCompile Include="titlebar.cpp">
      <Filter>Source Files</Filter>
    </ClCompile>
    <ClCompile Include="GeneratedFiles\Debug\moc_titlebar.cpp">
      <Filter>Generated Files\Debug</Filter>
    </ClCompile>
    <ClCompile Include="GeneratedFiles\Release\moc_titlebar.cpp">
      <Filter>Generated Files\Release</Filter>
    </ClCompile>
    <ClCompile Include="hintbar.cpp">
      <Filter>Source Files</Filter>
    </ClCompile>
    <ClCompile Include="GeneratedFiles\Debug\moc_hintbar.cpp">
      <Filter>Generated Files\Debug</Filter>
    </ClCompile>
    <ClCompile Include="GeneratedFiles\Release\moc_hintbar.cpp">
      <Filter>Generated Files\Release</Filter>
    </ClCompile>
    <ClCompile Include="selectaxisbar.cpp">
      <Filter>Source Files</Filter>
    </ClCompile>
    <ClCompile Include="maincontainer.cpp">
      <Filter>Source Files</Filter>
    </ClCompile>
    <ClCompile Include="GeneratedFiles\Debug\moc_maincontainer.cpp">
      <Filter>Generated Files\Debug</Filter>
    </ClCompile>
    <ClCompile Include="GeneratedFiles\Release\moc_maincontainer.cpp">
      <Filter>Generated Files\Release</Filter>
    </ClCompile>
    <ClCompile Include="GeneratedFiles\Debug\moc_selectaxisbar.cpp">
      <Filter>Generated Files\Debug</Filter>
    </ClCompile>
    <ClCompile Include="GeneratedFiles\Release\moc_selectaxisbar.cpp">
      <Filter>Generated Files\Release</Filter>
    </ClCompile>
    <ClCompile Include="processwidget.cpp">
      <Filter>Source Files</Filter>
    </ClCompile>
    <ClCompile Include="GeneratedFiles\Debug\moc_processwidget.cpp">
      <Filter>Generated Files\Debug</Filter>
    </ClCompile>
    <ClCompile Include="GeneratedFiles\Release\moc_processwidget.cpp">
      <Filter>Generated Files\Release</Filter>
    </ClCompile>
    <ClCompile Include="GeneratedFiles\Debug\moc_axesinformation.cpp">
      <Filter>Generated Files\Debug</Filter>
    </ClCompile>
    <ClCompile Include="GeneratedFiles\Release\moc_axesinformation.cpp">
      <Filter>Generated Files\Release</Filter>
    </ClCompile>
    <ClCompile Include="axesinformation.cpp">
      <Filter>Source Files</Filter>
    </ClCompile>
    <ClCompile Include="GeneratedFiles\Debug\moc_operationpanel.cpp">
      <Filter>Generated Files\Debug</Filter>
    </ClCompile>
    <ClCompile Include="GeneratedFiles\Release\moc_operationpanel.cpp">
      <Filter>Generated Files\Release</Filter>
    </ClCompile>
    <ClCompile Include="operationpanel.cpp">
      <Filter>Source Files</Filter>
    </ClCompile>
    <ClCompile Include="..\base\textedit.cpp">
      <Filter>Source Files</Filter>
    </ClCompile>
    <ClCompile Include="GeneratedFiles\Debug\moc_textedit.cpp">
      <Filter>Generated Files\Debug</Filter>
    </ClCompile>
    <ClCompile Include="GeneratedFiles\Release\moc_textedit.cpp">
      <Filter>Generated Files\Release</Filter>
    </ClCompile>
    <ClCompile Include="..\base\panelbutton.cpp">
      <Filter>Source Files</Filter>
    </ClCompile>
    <ClCompile Include="GeneratedFiles\Debug\moc_panelbutton.cpp">
      <Filter>Generated Files\Debug</Filter>
    </ClCompile>
    <ClCompile Include="GeneratedFiles\Release\moc_panelbutton.cpp">
      <Filter>Generated Files\Release</Filter>
    </ClCompile>
    <ClCompile Include="GeneratedFiles\Debug\moc_loadbar.cpp">
      <Filter>Generated Files\Debug</Filter>
    </ClCompile>
    <ClCompile Include="GeneratedFiles\Release\moc_loadbar.cpp">
      <Filter>Generated Files\Release</Filter>
    </ClCompile>
    <ClCompile Include="..\base\loadbar.cpp">
      <Filter>Source Files</Filter>
    </ClCompile>
    <ClCompile Include="..\base\buttonprocessor.cpp">
      <Filter>Source Files</Filter>
    </ClCompile>
    <ClCompile Include="GeneratedFiles\Debug\moc_buttonprocessor.cpp">
      <Filter>Generated Files\Debug</Filter>
    </ClCompile>
    <ClCompile Include="GeneratedFiles\Release\moc_buttonprocessor.cpp">
      <Filter>Generated Files\Release</Filter>
    </ClCompile>
    <ClCompile Include="..\base\modulebuttons.cpp">
      <Filter>Source Files</Filter>
    </ClCompile>
    <ClCompile Include="GeneratedFiles\Debug\moc_modulebuttons.cpp">
      <Filter>Generated Files\Debug</Filter>
    </ClCompile>
    <ClCompile Include="GeneratedFiles\Release\moc_modulebuttons.cpp">
      <Filter>Generated Files\Release</Filter>
    </ClCompile>
    <ClCompile Include="GeneratedFiles\Debug\moc_modulebuttonswidget.cpp">
      <Filter>Generated Files\Debug</Filter>
    </ClCompile>
    <ClCompile Include="GeneratedFiles\Release\moc_modulebuttonswidget.cpp">
      <Filter>Generated Files\Release</Filter>
    </ClCompile>
    <ClCompile Include="modulebuttonswidget.cpp">
      <Filter>Source Files</Filter>
    </ClCompile>
    <ClCompile Include="..\base\plusminuswidget.cpp">
      <Filter>Source Files</Filter>
    </ClCompile>
    <ClCompile Include="GeneratedFiles\Debug\moc_plusminuswidget.cpp">
      <Filter>Generated Files\Debug</Filter>
    </ClCompile>
    <ClCompile Include="GeneratedFiles\Release\moc_plusminuswidget.cpp">
      <Filter>Generated Files\Release</Filter>
    </ClCompile>
    <ClCompile Include="..\base\pushbutton.cpp">
      <Filter>Source Files</Filter>
    </ClCompile>
    <ClCompile Include="GeneratedFiles\Debug\moc_pushbutton.cpp">
      <Filter>Generated Files\Debug</Filter>
    </ClCompile>
    <ClCompile Include="GeneratedFiles\Release\moc_pushbutton.cpp">
      <Filter>Generated Files\Release</Filter>
    </ClCompile>
    <ClCompile Include="processbar.cpp">
      <Filter>Source Files</Filter>
    </ClCompile>
    <ClCompile Include="GeneratedFiles\Debug\moc_processbar.cpp">
      <Filter>Generated Files\Debug</Filter>
    </ClCompile>
    <ClCompile Include="GeneratedFiles\Release\moc_processbar.cpp">
      <Filter>Generated Files\Release</Filter>
    </ClCompile>
    <ClCompile Include="programeditbar.cpp">
      <Filter>Source Files</Filter>
    </ClCompile>
    <ClCompile Include="GeneratedFiles\Debug\moc_programeditbar.cpp">
      <Filter>Generated Files\Debug</Filter>
    </ClCompile>
    <ClCompile Include="GeneratedFiles\Release\moc_programeditbar.cpp">
      <Filter>Generated Files\Release</Filter>
    </ClCompile>
    <ClCompile Include="programeditwidget.cpp">
      <Filter>Source Files</Filter>
    </ClCompile>
    <ClCompile Include="GeneratedFiles\Debug\moc_programeditwidget.cpp">
      <Filter>Generated Files\Debug</Filter>
    </ClCompile>
    <ClCompile Include="GeneratedFiles\Release\moc_programeditwidget.cpp">
      <Filter>Generated Files\Release</Filter>
    </ClCompile>
    <ClCompile Include="network.cpp">
      <Filter>Source Files</Filter>
    </ClCompile>
    <ClCompile Include="filemanagerbar.cpp">
      <Filter>Source Files</Filter>
    </ClCompile>
    <ClCompile Include="GeneratedFiles\Debug\moc_filemanagerbar.cpp">
      <Filter>Generated Files\Debug</Filter>
    </ClCompile>
    <ClCompile Include="GeneratedFiles\Release\moc_filemanagerbar.cpp">
      <Filter>Generated Files\Release</Filter>
    </ClCompile>
    <ClCompile Include="filemanagerwidget.cpp">
      <Filter>Source Files</Filter>
    </ClCompile>
    <ClCompile Include="GeneratedFiles\Debug\moc_filemanagerwidget.cpp">
      <Filter>Generated Files\Debug</Filter>
    </ClCompile>
    <ClCompile Include="GeneratedFiles\Release\moc_filemanagerwidget.cpp">
      <Filter>Generated Files\Release</Filter>
    </ClCompile>
    <ClCompile Include="..\base\filetablewidget.cpp">
      <Filter>Source Files</Filter>
    </ClCompile>
    <ClCompile Include="GeneratedFiles\Debug\moc_filetablewidget.cpp">
      <Filter>Generated Files\Debug</Filter>
    </ClCompile>
    <ClCompile Include="GeneratedFiles\Release\moc_filetablewidget.cpp">
      <Filter>Generated Files\Release</Filter>
    </ClCompile>
    <ClCompile Include="GeneratedFiles\Debug\moc_network.cpp">
      <Filter>Generated Files\Debug</Filter>
    </ClCompile>
    <ClCompile Include="GeneratedFiles\Release\moc_network.cpp">
      <Filter>Generated Files\Release</Filter>
    </ClCompile>
    <ClCompile Include="..\base\clickdelaycheckbutton.cpp">
      <Filter>Source Files</Filter>
    </ClCompile>
    <ClCompile Include="GeneratedFiles\Debug\moc_clickdelaycheckbutton.cpp">
      <Filter>Generated Files\Debug</Filter>
    </ClCompile>
    <ClCompile Include="GeneratedFiles\Release\moc_clickdelaycheckbutton.cpp">
      <Filter>Generated Files\Release</Filter>
    </ClCompile>
    <ClCompile Include="machiningstates.cpp">
      <Filter>Source Files</Filter>
    </ClCompile>
    <ClCompile Include="GeneratedFiles\Debug\moc_machiningstates.cpp">
      <Filter>Generated Files\Debug</Filter>
    </ClCompile>
    <ClCompile Include="GeneratedFiles\Release\moc_machiningstates.cpp">
      <Filter>Generated Files\Release</Filter>
    </ClCompile>
  </ItemGroup>
  <ItemGroup>
    <CustomBuild Include="ltpclient.h">
      <Filter>Header Files</Filter>
    </CustomBuild>
    <CustomBuild Include="ltpclient.ui">
      <Filter>Form Files</Filter>
    </CustomBuild>
    <CustomBuild Include="ltpclient.qrc">
      <Filter>Resource Files</Filter>
    </CustomBuild>
    <CustomBuild Include="titlebar.ui">
      <Filter>Form Files</Filter>
    </CustomBuild>
    <CustomBuild Include="titlebar.h">
      <Filter>Header Files</Filter>
    </CustomBuild>
    <CustomBuild Include="hintbar.ui">
      <Filter>Form Files</Filter>
    </CustomBuild>
    <CustomBuild Include="hintbar.h">
      <Filter>Header Files</Filter>
    </CustomBuild>
    <CustomBuild Include="selectaxisbar.ui">
      <Filter>Form Files</Filter>
    </CustomBuild>
    <CustomBuild Include="maincontainer.ui">
      <Filter>Form Files</Filter>
    </CustomBuild>
    <CustomBuild Include="maincontainer.h">
      <Filter>Header Files</Filter>
    </CustomBuild>
    <CustomBuild Include="selectaxisbar.h">
      <Filter>Header Files</Filter>
    </CustomBuild>
    <CustomBuild Include="processwidget.h">
      <Filter>Header Files</Filter>
    </CustomBuild>
    <CustomBuild Include="processwidget.ui">
      <Filter>Form Files</Filter>
    </CustomBuild>
    <CustomBuild Include="axesinformation.ui">
      <Filter>Form Files</Filter>
    </CustomBuild>
    <CustomBuild Include="axesinformation.h">
      <Filter>Header Files</Filter>
    </CustomBuild>
    <CustomBuild Include="operationpanel.ui">
      <Filter>Form Files</Filter>
    </CustomBuild>
    <CustomBuild Include="operationpanel.h">
      <Filter>Header Files</Filter>
    </CustomBuild>
    <CustomBuild Include="..\base\textedit.ui">
      <Filter>Form Files</Filter>
    </CustomBuild>
    <CustomBuild Include="..\base\textedit.h">
      <Filter>Header Files</Filter>
    </CustomBuild>
    <CustomBuild Include="..\base\panelbutton.h">
      <Filter>Header Files</Filter>
    </CustomBuild>
    <CustomBuild Include="..\base\loadbar.h">
      <Filter>Header Files</Filter>
    </CustomBuild>
    <CustomBuild Include="..\base\buttonprocessor.h">
      <Filter>Header Files</Filter>
    </CustomBuild>
    <CustomBuild Include="..\base\modulebuttons.h">
      <Filter>Header Files</Filter>
    </CustomBuild>
    <CustomBuild Include="modulebuttonswidget.ui">
      <Filter>Form Files</Filter>
    </CustomBuild>
    <CustomBuild Include="modulebuttonswidget.h">
      <Filter>Header Files</Filter>
    </CustomBuild>
    <CustomBuild Include="..\base\plusminuswidget.h">
      <Filter>Header Files</Filter>
    </CustomBuild>
    <CustomBuild Include="..\base\plusminuswidget.ui">
      <Filter>Form Files</Filter>
    </CustomBuild>
    <CustomBuild Include="..\base\pushbutton.h">
      <Filter>Header Files</Filter>
    </CustomBuild>
    <CustomBuild Include="processbar.h">
      <Filter>Header Files</Filter>
    </CustomBuild>
    <CustomBuild Include="processbar.ui">
      <Filter>Form Files</Filter>
    </CustomBuild>
    <CustomBuild Include="programeditbar.h">
      <Filter>Header Files</Filter>
    </CustomBuild>
    <CustomBuild Include="programeditbar.ui">
      <Filter>Form Files</Filter>
    </CustomBuild>
    <CustomBuild Include="programeditwidget.h">
      <Filter>Header Files</Filter>
    </CustomBuild>
    <CustomBuild Include="programeditwidget.ui">
      <Filter>Form Files</Filter>
    </CustomBuild>
    <CustomBuild Include="filemanagerbar.h">
      <Filter>Header Files</Filter>
    </CustomBuild>
    <CustomBuild Include="filemanagerbar.ui">
      <Filter>Form Files</Filter>
    </CustomBuild>
    <CustomBuild Include="filemanagerwidget.h">
      <Filter>Header Files</Filter>
    </CustomBuild>
    <CustomBuild Include="filemanagerwidget.ui">
      <Filter>Form Files</Filter>
    </CustomBuild>
    <CustomBuild Include="..\base\filetablewidget.h">
      <Filter>Header Files</Filter>
    </CustomBuild>
    <CustomBuild Include="network.h">
      <Filter>Header Files</Filter>
    </CustomBuild>
    <CustomBuild Include="..\base\clickdelaycheckbutton.h">
      <Filter>Header Files</Filter>
    </CustomBuild>
    <CustomBuild Include="machiningstates.h">
      <Filter>Header Files</Filter>
    </CustomBuild>
  </ItemGroup>
  <ItemGroup>
    <ClInclude Include="GeneratedFiles\ui_ltpclient.h">
      <Filter>Generated Files</Filter>
    </ClInclude>
    <ClInclude Include="GeneratedFiles\ui_titlebar.h">
      <Filter>Generated Files</Filter>
    </ClInclude>
    <ClInclude Include="GeneratedFiles\ui_hintbar.h">
      <Filter>Generated Files</Filter>
    </ClInclude>
    <ClInclude Include="hintwidgetproxy.h">
      <Filter>Header Files</Filter>
    </ClInclude>
    <ClInclude Include="GeneratedFiles\ui_selectaxisbar.h">
      <Filter>Generated Files</Filter>
    </ClInclude>
    <ClInclude Include="GeneratedFiles\ui_maincontainer.h">
      <Filter>Generated Files</Filter>
    </ClInclude>
    <ClInclude Include="GeneratedFiles\ui_processwidget.h">
      <Filter>Generated Files</Filter>
    </ClInclude>
    <ClInclude Include="GeneratedFiles\ui_axesinformation.h">
      <Filter>Generated Files</Filter>
    </ClInclude>
    <ClInclude Include="GeneratedFiles\ui_operationpanel.h">
      <Filter>Generated Files</Filter>
    </ClInclude>
    <ClInclude Include="GeneratedFiles\ui_textedit.h">
      <Filter>Generated Files</Filter>
    </ClInclude>
    <ClInclude Include="..\base\globals.h">
      <Filter>Header Files</Filter>
    </ClInclude>
    <ClInclude Include="GeneratedFiles\ui_modulebuttonswidget.h">
      <Filter>Generated Files</Filter>
    </ClInclude>
    <ClInclude Include="GeneratedFiles\ui_plusminuswidget.h">
      <Filter>Generated Files</Filter>
    </ClInclude>
    <ClInclude Include="GeneratedFiles\ui_processbar.h">
      <Filter>Generated Files</Filter>
    </ClInclude>
    <ClInclude Include="GeneratedFiles\ui_programeditbar.h">
      <Filter>Generated Files</Filter>
    </ClInclude>
    <ClInclude Include="GeneratedFiles\ui_programeditwidget.h">
      <Filter>Generated Files</Filter>
    </ClInclude>
    <ClInclude Include="..\base\singleton.hpp">
      <Filter>Header Files</Filter>
    </ClInclude>
    <ClInclude Include="remotevariables.hpp">
      <Filter>Header Files</Filter>
    </ClInclude>
    <ClInclude Include="..\base\systemvariables.hpp">
      <Filter>Header Files</Filter>
    </ClInclude>
    <ClInclude Include="GeneratedFiles\ui_filemanagerbar.h">
      <Filter>Generated Files</Filter>
    </ClInclude>
    <ClInclude Include="GeneratedFiles\ui_filemanagerwidget.h">
      <Filter>Generated Files</Filter>
    </ClInclude>
    <ClInclude Include="..\common\rmi\globals.h">
      <Filter>Header Files</Filter>
    </ClInclude>
    <ClInclude Include="..\common\rmi\RemoteComm.h">
      <Filter>Header Files</Filter>
    </ClInclude>
  </ItemGroup>
</Project>